
Microsoft Visual Studio Solution File, Format Version 12.00
# Visual Studio 15
VisualStudioVersion = 15.0.28010.2003
MinimumVisualStudioVersion = 10.0.40219.1
Project("{FAE04EC0-301F-11D3-BF4B-00C04F79EFBC}") = "with-wpf", "with-wpf\with-wpf.csproj", "{1E18430E-9C54-4B3A-A55B-9AE8550B6970}"
EndProject
Project("{FAE04EC0-301F-11D3-BF4B-00C04F79EFBC}") = "WpfUserControlLibrary", "WpfUserControlLibrary\WpfUserControlLibrary.csproj", "{36403CE9-45B6-4AD9-A168-76AF2C7E040D}"
EndProject
Global
	GlobalSection(SolutionConfigurationPlatforms) = preSolution
		Debug|Any CPU = Debug|Any CPU
		Release|Any CPU = Release|Any CPU
	EndGlobalSection
	GlobalSection(ProjectConfigurationPlatforms) = postSolution
		{1E18430E-9C54-4B3A-A55B-9AE8550B6970}.Debug|Any CPU.ActiveCfg = Debug|Any CPU
		{1E18430E-9C54-4B3A-A55B-9AE8550B6970}.Debug|Any CPU.Build.0 = Debug|Any CPU
		{1E18430E-9C54-4B3A-A55B-9AE8550B6970}.Release|Any CPU.ActiveCfg = Release|Any CPU
		{1E18430E-9C54-4B3A-A55B-9AE8550B6970}.Release|Any CPU.Build.0 = Release|Any CPU
		{36403CE9-45B6-4AD9-A168-76AF2C7E040D}.Debug|Any CPU.ActiveCfg = Debug|Any CPU
		{36403CE9-45B6-4AD9-A168-76AF2C7E040D}.Debug|Any CPU.Build.0 = Debug|Any CPU
		{36403CE9-45B6-4AD9-A168-76AF2C7E040D}.Release|Any CPU.ActiveCfg = Release|Any CPU
		{36403CE9-45B6-4AD9-A168-76AF2C7E040D}.Release|Any CPU.Build.0 = Release|Any CPU
	EndGlobalSection
	GlobalSection(SolutionProperties) = preSolution
		HideSolutionNode = FALSE
	EndGlobalSection
	GlobalSection(ExtensibilityGlobals) = postSolution
		SolutionGuid = {B523FBC3-D8DE-4124-A686-660C4DDC2334}
	EndGlobalSection
EndGlobal
